
Microsoft Visual Studio Solution File, Format Version 12.00
# Visual Studio Version 17
VisualStudioVersion = 17.14.36811.4 d17.14
MinimumVisualStudioVersion = 10.0.40219.1
Project("{54435603-DBB4-11D2-8724-00A0C9A8B90C}") = "wendy-setup", "wendy-setup.vdproj", "{749324AE-02CC-8A1D-732C-DF7658C4EC5D}"
EndProject
Global
	GlobalSection(SolutionConfigurationPlatforms) = preSolution
		Debug|Default = Debug|Default
		Release|Default = Release|Default
	EndGlobalSection
	GlobalSection(ProjectConfigurationPlatforms) = postSolution
		{749324AE-02CC-8A1D-732C-DF7658C4EC5D}.Debug|Default.ActiveCfg = Debug
		{749324AE-02CC-8A1D-732C-DF7658C4EC5D}.Debug|Default.Build.0 = Debug
		{749324AE-02CC-8A1D-732C-DF7658C4EC5D}.Release|Default.ActiveCfg = Release
		{749324AE-02CC-8A1D-732C-DF7658C4EC5D}.Release|Default.Build.0 = Release
	EndGlobalSection
	GlobalSection(SolutionProperties) = preSolution
		HideSolutionNode = FALSE
	EndGlobalSection
	GlobalSection(ExtensibilityGlobals) = postSolution
		SolutionGuid = {5AF62BF8-5BAD-40F8-B159-96284F655901}
	EndGlobalSection
EndGlobal
